
Microsoft Visual Studio Solution File, Format Version 12.00
# Visual Studio Version 17
VisualStudioVersion = 17.12.35323.107
MinimumVisualStudioVersion = 10.0.40219.1
Project("{FAE04EC0-301F-11D3-BF4B-00C04F79EFBC}") = "Quanlythuvien", "Quanlythuvien\Quanlythuvien.csproj", "{CE953C29-3473-4A24-9AA4-20BB41CD6CF5}"
EndProject
Global
	GlobalSection(SolutionConfigurationPlatforms) = preSolution
		Debug|Any CPU = Debug|Any CPU
		Release|Any CPU = Release|Any CPU
	EndGlobalSection
	GlobalSection(ProjectConfigurationPlatforms) = postSolution
		{CE953C29-3473-4A24-9AA4-20BB41CD6CF5}.Debug|Any CPU.ActiveCfg = Debug|Any CPU
		{CE953C29-3473-4A24-9AA4-20BB41CD6CF5}.Debug|Any CPU.Build.0 = Debug|Any CPU
		{CE953C29-3473-4A24-9AA4-20BB41CD6CF5}.Release|Any CPU.ActiveCfg = Release|Any CPU
		{CE953C29-3473-4A24-9AA4-20BB41CD6CF5}.Release|Any CPU.Build.0 = Release|Any CPU
	EndGlobalSection
	GlobalSection(SolutionProperties) = preSolution
		HideSolutionNode = FALSE
	EndGlobalSection
	GlobalSection(ExtensibilityGlobals) = postSolution
		SolutionGuid = {F75A6385-73C7-494D-8500-587741F01D67}
	EndGlobalSection
EndGlobal
